
Microsoft Visual Studio Solution File, Format Version 12.00
# Visual Studio 14
VisualStudioVersion = 14.0.25420.1
MinimumVisualStudioVersion = 10.0.40219.1
Project("{FAE04EC0-301F-11D3-BF4B-00C04F79EFBC}") = "LingYi.WebApi", "LingYi.WebApi\LingYi.WebApi.csproj", "{DF4CA08E-C92B-49C8-9D14-85D26D8A66FD}"
EndProject
Project("{FAE04EC0-301F-11D3-BF4B-00C04F79EFBC}") = "LingYi.MysqlRpc", "LingYi.MysqlRpc\LingYi.MysqlRpc.csproj", "{529766E6-DA43-4563-875A-C58ACF07967B}"
EndProject
Project("{2150E333-8FDC-42A3-9474-1A3956D46DE8}") = "RpcServer", "RpcServer", "{A34DE3BE-B486-4E05-87EE-0A15B4FB6EC3}"
EndProject
Project("{2150E333-8FDC-42A3-9474-1A3956D46DE8}") = "ApiServer", "ApiServer", "{65DDE7A4-A6EC-4B3A-9B6A-F8E85EDBEB34}"
EndProject
Project("{2150E333-8FDC-42A3-9474-1A3956D46DE8}") = "Common", "Common", "{D5769CD7-B19A-41A4-924D-C64B2B5A21C3}"
EndProject
Project("{FAE04EC0-301F-11D3-BF4B-00C04F79EFBC}") = "LingYi.DataTransfer", "LingYi.DataTransfer\LingYi.DataTransfer.csproj", "{DFD01996-A5D9-4350-A4E7-BCF0A41A4F56}"
EndProject
Project("{FAE04EC0-301F-11D3-BF4B-00C04F79EFBC}") = "LingYi.WebApiFilter", "LingYi.WebApiFilter\LingYi.WebApiFilter.csproj", "{588C99F0-8BBD-4A36-A8DD-84D112B0C80D}"
EndProject
Project("{FAE04EC0-301F-11D3-BF4B-00C04F79EFBC}") = "RpcClient", "RpcClient\RpcClient.csproj", "{BE23AFD1-43BD-4530-84ED-21D6EE76BB19}"
EndProject
Project("{FAE04EC0-301F-11D3-BF4B-00C04F79EFBC}") = "LingYi.RedisRpc", "LingYi.RedisRpc\LingYi.RedisRpc.csproj", "{4DB5AD95-1F0E-462D-BEDF-95864958AE45}"
EndProject
Project("{FAE04EC0-301F-11D3-BF4B-00C04F79EFBC}") = "LingYi.IndexRpc", "LingYi.IndexRpc\LingYi.IndexRpc.csproj", "{C0B30007-CE3E-49CC-A1E8-41799502E894}"
EndProject
Project("{2150E333-8FDC-42A3-9474-1A3956D46DE8}") = "MQServer", "MQServer", "{E8A48C61-830D-43D1-B397-0716B66DFCA6}"
EndProject
Project("{FAE04EC0-301F-11D3-BF4B-00C04F79EFBC}") = "LingYi.SetSaveMessage", "LingYi.SetSaveMessage\LingYi.SetSaveMessage.csproj", "{A459F0C4-33C2-4B21-B51C-5117E97C98ED}"
EndProject
Project("{FAE04EC0-301F-11D3-BF4B-00C04F79EFBC}") = "LingYi.SetBussMessage", "LingYi.SetBussMessage\LingYi.SetBussMessage.csproj", "{1DDFA0D7-9ED2-427E-AAA9-45E71B22BEB7}"
EndProject
Project("{FAE04EC0-301F-11D3-BF4B-00C04F79EFBC}") = "LingYi.NetToolClass", "LingYi.NetToolClass\LingYi.NetToolClass.csproj", "{54265F32-FC30-46CD-927D-594A72DD8ABE}"
EndProject
Project("{FAE04EC0-301F-11D3-BF4B-00C04F79EFBC}") = "LingYi.WebImage", "LingYi.WebImage\LingYi.WebImage.csproj", "{656CBED2-0BEE-4D96-A871-64005D47E0E0}"
EndProject
Project("{FAE04EC0-301F-11D3-BF4B-00C04F79EFBC}") = "LingYi.RpcInterface", "LingYi.RpcInterface\LingYi.RpcInterface.csproj", "{4237CEB6-E579-4779-83F4-114B04444C4F}"
EndProject
Project("{FAE04EC0-301F-11D3-BF4B-00C04F79EFBC}") = "MQClient", "MQClient\MQClient.csproj", "{FA58E9A3-D14E-4C64-B82B-EA7AE7561C62}"
EndProject
Project("{FAE04EC0-301F-11D3-BF4B-00C04F79EFBC}") = "IMClient", "IMClient\IMClient.csproj", "{6D3C6A25-E878-46C3-B44C-24A67ED84056}"
EndProject
Project("{FAE04EC0-301F-11D3-BF4B-00C04F79EFBC}") = "LingYi.GetPushMessage", "LingYi.GetPushMessage\LingYi.GetPushMessage.csproj", "{2AEAC594-D97E-49F0-B7FC-67966E8888F2}"
EndProject
Project("{FAE04EC0-301F-11D3-BF4B-00C04F79EFBC}") = "DataClient", "DataClient\DataClient.csproj", "{95823355-91C5-4778-A8F3-AAB9479AD13B}"
EndProject
Project("{FAE04EC0-301F-11D3-BF4B-00C04F79EFBC}") = "LingYi.PublicRpc", "LingYi.PublicRpc\LingYi.PublicRpc.csproj", "{AAD0E88B-BD68-44B6-8B8A-FC7CBE863935}"
EndProject
Global
	GlobalSection(SolutionConfigurationPlatforms) = preSolution
		Debug|Any CPU = Debug|Any CPU
		Release|Any CPU = Release|Any CPU
	EndGlobalSection
	GlobalSection(ProjectConfigurationPlatforms) = postSolution
		{DF4CA08E-C92B-49C8-9D14-85D26D8A66FD}.Debug|Any CPU.ActiveCfg = Debug|Any CPU
		{DF4CA08E-C92B-49C8-9D14-85D26D8A66FD}.Debug|Any CPU.Build.0 = Debug|Any CPU
		{DF4CA08E-C92B-49C8-9D14-85D26D8A66FD}.Release|Any CPU.ActiveCfg = Release|Any CPU
		{DF4CA08E-C92B-49C8-9D14-85D26D8A66FD}.Release|Any CPU.Build.0 = Release|Any CPU
		{529766E6-DA43-4563-875A-C58ACF07967B}.Debug|Any CPU.ActiveCfg = Debug|Any CPU
		{529766E6-DA43-4563-875A-C58ACF07967B}.Debug|Any CPU.Build.0 = Debug|Any CPU
		{529766E6-DA43-4563-875A-C58ACF07967B}.Release|Any CPU.ActiveCfg = Release|Any CPU
		{529766E6-DA43-4563-875A-C58ACF07967B}.Release|Any CPU.Build.0 = Release|Any CPU
		{DFD01996-A5D9-4350-A4E7-BCF0A41A4F56}.Debug|Any CPU.ActiveCfg = Debug|Any CPU
		{DFD01996-A5D9-4350-A4E7-BCF0A41A4F56}.Debug|Any CPU.Build.0 = Debug|Any CPU
		{DFD01996-A5D9-4350-A4E7-BCF0A41A4F56}.Release|Any CPU.ActiveCfg = Release|Any CPU
		{DFD01996-A5D9-4350-A4E7-BCF0A41A4F56}.Release|Any CPU.Build.0 = Release|Any CPU
		{588C99F0-8BBD-4A36-A8DD-84D112B0C80D}.Debug|Any CPU.ActiveCfg = Debug|Any CPU
		{588C99F0-8BBD-4A36-A8DD-84D112B0C80D}.Debug|Any CPU.Build.0 = Debug|Any CPU
		{588C99F0-8BBD-4A36-A8DD-84D112B0C80D}.Release|Any CPU.ActiveCfg = Release|Any CPU
		{588C99F0-8BBD-4A36-A8DD-84D112B0C80D}.Release|Any CPU.Build.0 = Release|Any CPU
		{BE23AFD1-43BD-4530-84ED-21D6EE76BB19}.Debug|Any CPU.ActiveCfg = Debug|Any CPU
		{BE23AFD1-43BD-4530-84ED-21D6EE76BB19}.Debug|Any CPU.Build.0 = Debug|Any CPU
		{BE23AFD1-43BD-4530-84ED-21D6EE76BB19}.Release|Any CPU.ActiveCfg = Release|Any CPU
		{BE23AFD1-43BD-4530-84ED-21D6EE76BB19}.Release|Any CPU.Build.0 = Release|Any CPU
		{4DB5AD95-1F0E-462D-BEDF-95864958AE45}.Debug|Any CPU.ActiveCfg = Debug|Any CPU
		{4DB5AD95-1F0E-462D-BEDF-95864958AE45}.Debug|Any CPU.Build.0 = Debug|Any CPU
		{4DB5AD95-1F0E-462D-BEDF-95864958AE45}.Release|Any CPU.ActiveCfg = Release|Any CPU
		{4DB5AD95-1F0E-462D-BEDF-95864958AE45}.Release|Any CPU.Build.0 = Release|Any CPU
		{C0B30007-CE3E-49CC-A1E8-41799502E894}.Debug|Any CPU.ActiveCfg = Debug|Any CPU
		{C0B30007-CE3E-49CC-A1E8-41799502E894}.Debug|Any CPU.Build.0 = Debug|Any CPU
		{C0B30007-CE3E-49CC-A1E8-41799502E894}.Release|Any CPU.ActiveCfg = Release|Any CPU
		{C0B30007-CE3E-49CC-A1E8-41799502E894}.Release|Any CPU.Build.0 = Release|Any CPU
		{A459F0C4-33C2-4B21-B51C-5117E97C98ED}.Debug|Any CPU.ActiveCfg = Debug|Any CPU
		{A459F0C4-33C2-4B21-B51C-5117E97C98ED}.Debug|Any CPU.Build.0 = Debug|Any CPU
		{A459F0C4-33C2-4B21-B51C-5117E97C98ED}.Release|Any CPU.ActiveCfg = Release|Any CPU
		{A459F0C4-33C2-4B21-B51C-5117E97C98ED}.Release|Any CPU.Build.0 = Release|Any CPU
		{1DDFA0D7-9ED2-427E-AAA9-45E71B22BEB7}.Debug|Any CPU.ActiveCfg = Debug|Any CPU
		{1DDFA0D7-9ED2-427E-AAA9-45E71B22BEB7}.Debug|Any CPU.Build.0 = Debug|Any CPU
		{1DDFA0D7-9ED2-427E-AAA9-45E71B22BEB7}.Release|Any CPU.ActiveCfg = Release|Any CPU
		{1DDFA0D7-9ED2-427E-AAA9-45E71B22BEB7}.Release|Any CPU.Build.0 = Release|Any CPU
		{54265F32-FC30-46CD-927D-594A72DD8ABE}.Debug|Any CPU.ActiveCfg = Debug|Any CPU
		{54265F32-FC30-46CD-927D-594A72DD8ABE}.Debug|Any CPU.Build.0 = Debug|Any CPU
		{54265F32-FC30-46CD-927D-594A72DD8ABE}.Release|Any CPU.ActiveCfg = Release|Any CPU
		{54265F32-FC30-46CD-927D-594A72DD8ABE}.Release|Any CPU.Build.0 = Release|Any CPU
		{656CBED2-0BEE-4D96-A871-64005D47E0E0}.Debug|Any CPU.ActiveCfg = Debug|Any CPU
		{656CBED2-0BEE-4D96-A871-64005D47E0E0}.Debug|Any CPU.Build.0 = Debug|Any CPU
		{656CBED2-0BEE-4D96-A871-64005D47E0E0}.Release|Any CPU.ActiveCfg = Release|Any CPU
		{656CBED2-0BEE-4D96-A871-64005D47E0E0}.Release|Any CPU.Build.0 = Release|Any CPU
		{4237CEB6-E579-4779-83F4-114B04444C4F}.Debug|Any CPU.ActiveCfg = Debug|Any CPU
		{4237CEB6-E579-4779-83F4-114B04444C4F}.Debug|Any CPU.Build.0 = Debug|Any CPU
		{4237CEB6-E579-4779-83F4-114B04444C4F}.Release|Any CPU.ActiveCfg = Release|Any CPU
		{4237CEB6-E579-4779-83F4-114B04444C4F}.Release|Any CPU.Build.0 = Release|Any CPU
		{FA58E9A3-D14E-4C64-B82B-EA7AE7561C62}.Debug|Any CPU.ActiveCfg = Debug|Any CPU
		{FA58E9A3-D14E-4C64-B82B-EA7AE7561C62}.Debug|Any CPU.Build.0 = Debug|Any CPU
		{FA58E9A3-D14E-4C64-B82B-EA7AE7561C62}.Release|Any CPU.ActiveCfg = Release|Any CPU
		{FA58E9A3-D14E-4C64-B82B-EA7AE7561C62}.Release|Any CPU.Build.0 = Release|Any CPU
		{6D3C6A25-E878-46C3-B44C-24A67ED84056}.Debug|Any CPU.ActiveCfg = Debug|Any CPU
		{6D3C6A25-E878-46C3-B44C-24A67ED84056}.Debug|Any CPU.Build.0 = Debug|Any CPU
		{6D3C6A25-E878-46C3-B44C-24A67ED84056}.Release|Any CPU.ActiveCfg = Release|Any CPU
		{6D3C6A25-E878-46C3-B44C-24A67ED84056}.Release|Any CPU.Build.0 = Release|Any CPU
		{2AEAC594-D97E-49F0-B7FC-67966E8888F2}.Debug|Any CPU.ActiveCfg = Debug|Any CPU
		{2AEAC594-D97E-49F0-B7FC-67966E8888F2}.Debug|Any CPU.Build.0 = Debug|Any CPU
		{2AEAC594-D97E-49F0-B7FC-67966E8888F2}.Release|Any CPU.ActiveCfg = Release|Any CPU
		{2AEAC594-D97E-49F0-B7FC-67966E8888F2}.Release|Any CPU.Build.0 = Release|Any CPU
		{95823355-91C5-4778-A8F3-AAB9479AD13B}.Debug|Any CPU.ActiveCfg = Debug|Any CPU
		{95823355-91C5-4778-A8F3-AAB9479AD13B}.Debug|Any CPU.Build.0 = Debug|Any CPU
		{95823355-91C5-4778-A8F3-AAB9479AD13B}.Release|Any CPU.ActiveCfg = Release|Any CPU
		{95823355-91C5-4778-A8F3-AAB9479AD13B}.Release|Any CPU.Build.0 = Release|Any CPU
		{AAD0E88B-BD68-44B6-8B8A-FC7CBE863935}.Debug|Any CPU.ActiveCfg = Debug|Any CPU
		{AAD0E88B-BD68-44B6-8B8A-FC7CBE863935}.Debug|Any CPU.Build.0 = Debug|Any CPU
		{AAD0E88B-BD68-44B6-8B8A-FC7CBE863935}.Release|Any CPU.ActiveCfg = Release|Any CPU
		{AAD0E88B-BD68-44B6-8B8A-FC7CBE863935}.Release|Any CPU.Build.0 = Release|Any CPU
	EndGlobalSection
	GlobalSection(SolutionProperties) = preSolution
		HideSolutionNode = FALSE
	EndGlobalSection
	GlobalSection(NestedProjects) = preSolution
		{DF4CA08E-C92B-49C8-9D14-85D26D8A66FD} = {65DDE7A4-A6EC-4B3A-9B6A-F8E85EDBEB34}
		{529766E6-DA43-4563-875A-C58ACF07967B} = {A34DE3BE-B486-4E05-87EE-0A15B4FB6EC3}
		{DFD01996-A5D9-4350-A4E7-BCF0A41A4F56} = {D5769CD7-B19A-41A4-924D-C64B2B5A21C3}
		{588C99F0-8BBD-4A36-A8DD-84D112B0C80D} = {D5769CD7-B19A-41A4-924D-C64B2B5A21C3}
		{4DB5AD95-1F0E-462D-BEDF-95864958AE45} = {A34DE3BE-B486-4E05-87EE-0A15B4FB6EC3}
		{C0B30007-CE3E-49CC-A1E8-41799502E894} = {A34DE3BE-B486-4E05-87EE-0A15B4FB6EC3}
		{A459F0C4-33C2-4B21-B51C-5117E97C98ED} = {E8A48C61-830D-43D1-B397-0716B66DFCA6}
		{1DDFA0D7-9ED2-427E-AAA9-45E71B22BEB7} = {E8A48C61-830D-43D1-B397-0716B66DFCA6}
		{54265F32-FC30-46CD-927D-594A72DD8ABE} = {D5769CD7-B19A-41A4-924D-C64B2B5A21C3}
		{656CBED2-0BEE-4D96-A871-64005D47E0E0} = {65DDE7A4-A6EC-4B3A-9B6A-F8E85EDBEB34}
		{4237CEB6-E579-4779-83F4-114B04444C4F} = {D5769CD7-B19A-41A4-924D-C64B2B5A21C3}
		{2AEAC594-D97E-49F0-B7FC-67966E8888F2} = {E8A48C61-830D-43D1-B397-0716B66DFCA6}
		{AAD0E88B-BD68-44B6-8B8A-FC7CBE863935} = {A34DE3BE-B486-4E05-87EE-0A15B4FB6EC3}
	EndGlobalSection
EndGlobal
