
Microsoft Visual Studio Solution File, Format Version 12.00
# Visual Studio 14
VisualStudioVersion = 14.0.25420.1
MinimumVisualStudioVersion = 10.0.40219.1
Project("{FAE04EC0-301F-11D3-BF4B-00C04F79EFBC}") = "Net", "Net\Net.csproj", "{E3C4EA70-516B-4210-B748-11A0738CE484}"
EndProject
Project("{FAE04EC0-301F-11D3-BF4B-00C04F79EFBC}") = "Net.Boot", "Net.Boot\Net.Boot.csproj", "{EAB49292-3EF0-4884-B0A4-98B225CDF71D}"
EndProject
Project("{FAE04EC0-301F-11D3-BF4B-00C04F79EFBC}") = "Net.Boot.Service", "Net.Boot.Service\Net.Boot.Service.csproj", "{2BB5E0DA-230B-4C2E-B04B-A94D7FC312A4}"
EndProject
Project("{FAE04EC0-301F-11D3-BF4B-00C04F79EFBC}") = "Net.Boot.Aspnet.Mvc", "Net.Boot.Aspnet.Mvc\Net.Boot.Aspnet.Mvc.csproj", "{31B9410B-9A99-4F9A-9DA4-64B2694A0AA4}"
EndProject
Project("{FAE04EC0-301F-11D3-BF4B-00C04F79EFBC}") = "Net.Boot.Aspnet.Api", "Net.Boot.Aspnet.Api\Net.Boot.Aspnet.Api.csproj", "{9BF38AE8-B6D5-4B3D-BE75-DEB78A5EAD5F}"
EndProject
Project("{FAE04EC0-301F-11D3-BF4B-00C04F79EFBC}") = "Net.Mq.RabbitMq", "Net.Mq.RabbitMq\Net.Mq.RabbitMq.csproj", "{F1E2BE08-D6BA-4958-BA6D-2D3DD66FF33E}"
EndProject
Project("{FAE04EC0-301F-11D3-BF4B-00C04F79EFBC}") = "Net.Rpc.Thrift", "Net.Rpc.Thrift\Net.Rpc.Thrift.csproj", "{473BD88E-4430-4A15-BBFA-14B6BC9BC072}"
EndProject
Project("{FAE04EC0-301F-11D3-BF4B-00C04F79EFBC}") = "Net.Nlog", "Net.Nlog\Net.Nlog.csproj", "{B25C84E5-3CB6-4EAE-BE7E-DF5529D2C9FB}"
EndProject
Project("{FAE04EC0-301F-11D3-BF4B-00C04F79EFBC}") = "Net.File.FastDFS", "Net.File.FastDFS\Net.File.FastDFS.csproj", "{F87E5FBB-652F-4EFD-880C-1E52E725625E}"
EndProject
Project("{FAE04EC0-301F-11D3-BF4B-00C04F79EFBC}") = "Net.Cache", "Net.Cache\Net.Cache.csproj", "{840AC55C-59D4-4714-86F2-ED8A95B70960}"
EndProject
Project("{2150E333-8FDC-42A3-9474-1A3956D46DE8}") = "测试案例", "测试案例", "{B12AF089-A0AC-413F-A99D-33B2571405DF}"
EndProject
Project("{FAE04EC0-301F-11D3-BF4B-00C04F79EFBC}") = "Net.Test", "Test\Net.Test\Net.Test.csproj", "{874C41DE-A6F3-4E2B-840C-4A404AE5305E}"
EndProject
Project("{FAE04EC0-301F-11D3-BF4B-00C04F79EFBC}") = "Net.TestApi", "Test\Net.TestApi\Net.TestApi.csproj", "{2D33EE18-AFDB-4963-BDCE-5DF6C644C011}"
EndProject
Project("{FAE04EC0-301F-11D3-BF4B-00C04F79EFBC}") = "Net.TestMvc", "Test\Net.TestMvc\Net.TestMvc.csproj", "{A01988BE-BBC7-4F55-9733-6784617FA5A7}"
EndProject
Project("{FAE04EC0-301F-11D3-BF4B-00C04F79EFBC}") = "Net.TestData", "Test\Net.TestData\Net.TestData.csproj", "{341865EC-0D78-428A-B824-420FF66F6CA6}"
EndProject
Project("{FAE04EC0-301F-11D3-BF4B-00C04F79EFBC}") = "Net.Test.Other", "Test\Net.Test.Other\Net.Test.Other.csproj", "{B86050AD-F78B-44AE-9495-64DC8CD14750}"
EndProject
Project("{FAE04EC0-301F-11D3-BF4B-00C04F79EFBC}") = "Net.TestRpc", "Test\Net.TestRpc\Net.TestRpc.csproj", "{CBB5305F-885F-453B-9762-EFC7C07E6EA4}"
EndProject
Global
	GlobalSection(SolutionConfigurationPlatforms) = preSolution
		Debug|Any CPU = Debug|Any CPU
		Release|Any CPU = Release|Any CPU
	EndGlobalSection
	GlobalSection(ProjectConfigurationPlatforms) = postSolution
		{E3C4EA70-516B-4210-B748-11A0738CE484}.Debug|Any CPU.ActiveCfg = Debug|Any CPU
		{E3C4EA70-516B-4210-B748-11A0738CE484}.Debug|Any CPU.Build.0 = Debug|Any CPU
		{E3C4EA70-516B-4210-B748-11A0738CE484}.Release|Any CPU.ActiveCfg = Release|Any CPU
		{E3C4EA70-516B-4210-B748-11A0738CE484}.Release|Any CPU.Build.0 = Release|Any CPU
		{EAB49292-3EF0-4884-B0A4-98B225CDF71D}.Debug|Any CPU.ActiveCfg = Debug|Any CPU
		{EAB49292-3EF0-4884-B0A4-98B225CDF71D}.Debug|Any CPU.Build.0 = Debug|Any CPU
		{EAB49292-3EF0-4884-B0A4-98B225CDF71D}.Release|Any CPU.ActiveCfg = Release|Any CPU
		{EAB49292-3EF0-4884-B0A4-98B225CDF71D}.Release|Any CPU.Build.0 = Release|Any CPU
		{2BB5E0DA-230B-4C2E-B04B-A94D7FC312A4}.Debug|Any CPU.ActiveCfg = Debug|Any CPU
		{2BB5E0DA-230B-4C2E-B04B-A94D7FC312A4}.Debug|Any CPU.Build.0 = Debug|Any CPU
		{2BB5E0DA-230B-4C2E-B04B-A94D7FC312A4}.Release|Any CPU.ActiveCfg = Release|Any CPU
		{2BB5E0DA-230B-4C2E-B04B-A94D7FC312A4}.Release|Any CPU.Build.0 = Release|Any CPU
		{31B9410B-9A99-4F9A-9DA4-64B2694A0AA4}.Debug|Any CPU.ActiveCfg = Debug|Any CPU
		{31B9410B-9A99-4F9A-9DA4-64B2694A0AA4}.Debug|Any CPU.Build.0 = Debug|Any CPU
		{31B9410B-9A99-4F9A-9DA4-64B2694A0AA4}.Release|Any CPU.ActiveCfg = Release|Any CPU
		{31B9410B-9A99-4F9A-9DA4-64B2694A0AA4}.Release|Any CPU.Build.0 = Release|Any CPU
		{9BF38AE8-B6D5-4B3D-BE75-DEB78A5EAD5F}.Debug|Any CPU.ActiveCfg = Debug|Any CPU
		{9BF38AE8-B6D5-4B3D-BE75-DEB78A5EAD5F}.Debug|Any CPU.Build.0 = Debug|Any CPU
		{9BF38AE8-B6D5-4B3D-BE75-DEB78A5EAD5F}.Release|Any CPU.ActiveCfg = Release|Any CPU
		{9BF38AE8-B6D5-4B3D-BE75-DEB78A5EAD5F}.Release|Any CPU.Build.0 = Release|Any CPU
		{F1E2BE08-D6BA-4958-BA6D-2D3DD66FF33E}.Debug|Any CPU.ActiveCfg = Debug|Any CPU
		{F1E2BE08-D6BA-4958-BA6D-2D3DD66FF33E}.Debug|Any CPU.Build.0 = Debug|Any CPU
		{F1E2BE08-D6BA-4958-BA6D-2D3DD66FF33E}.Release|Any CPU.ActiveCfg = Release|Any CPU
		{F1E2BE08-D6BA-4958-BA6D-2D3DD66FF33E}.Release|Any CPU.Build.0 = Release|Any CPU
		{473BD88E-4430-4A15-BBFA-14B6BC9BC072}.Debug|Any CPU.ActiveCfg = Debug|Any CPU
		{473BD88E-4430-4A15-BBFA-14B6BC9BC072}.Debug|Any CPU.Build.0 = Debug|Any CPU
		{473BD88E-4430-4A15-BBFA-14B6BC9BC072}.Release|Any CPU.ActiveCfg = Release|Any CPU
		{473BD88E-4430-4A15-BBFA-14B6BC9BC072}.Release|Any CPU.Build.0 = Release|Any CPU
		{B25C84E5-3CB6-4EAE-BE7E-DF5529D2C9FB}.Debug|Any CPU.ActiveCfg = Debug|Any CPU
		{B25C84E5-3CB6-4EAE-BE7E-DF5529D2C9FB}.Debug|Any CPU.Build.0 = Debug|Any CPU
		{B25C84E5-3CB6-4EAE-BE7E-DF5529D2C9FB}.Release|Any CPU.ActiveCfg = Release|Any CPU
		{B25C84E5-3CB6-4EAE-BE7E-DF5529D2C9FB}.Release|Any CPU.Build.0 = Release|Any CPU
		{F87E5FBB-652F-4EFD-880C-1E52E725625E}.Debug|Any CPU.ActiveCfg = Debug|Any CPU
		{F87E5FBB-652F-4EFD-880C-1E52E725625E}.Debug|Any CPU.Build.0 = Debug|Any CPU
		{F87E5FBB-652F-4EFD-880C-1E52E725625E}.Release|Any CPU.ActiveCfg = Release|Any CPU
		{F87E5FBB-652F-4EFD-880C-1E52E725625E}.Release|Any CPU.Build.0 = Release|Any CPU
		{840AC55C-59D4-4714-86F2-ED8A95B70960}.Debug|Any CPU.ActiveCfg = Debug|Any CPU
		{840AC55C-59D4-4714-86F2-ED8A95B70960}.Debug|Any CPU.Build.0 = Debug|Any CPU
		{840AC55C-59D4-4714-86F2-ED8A95B70960}.Release|Any CPU.ActiveCfg = Release|Any CPU
		{840AC55C-59D4-4714-86F2-ED8A95B70960}.Release|Any CPU.Build.0 = Release|Any CPU
		{874C41DE-A6F3-4E2B-840C-4A404AE5305E}.Debug|Any CPU.ActiveCfg = Debug|Any CPU
		{874C41DE-A6F3-4E2B-840C-4A404AE5305E}.Debug|Any CPU.Build.0 = Debug|Any CPU
		{874C41DE-A6F3-4E2B-840C-4A404AE5305E}.Release|Any CPU.ActiveCfg = Release|Any CPU
		{874C41DE-A6F3-4E2B-840C-4A404AE5305E}.Release|Any CPU.Build.0 = Release|Any CPU
		{2D33EE18-AFDB-4963-BDCE-5DF6C644C011}.Debug|Any CPU.ActiveCfg = Debug|Any CPU
		{2D33EE18-AFDB-4963-BDCE-5DF6C644C011}.Debug|Any CPU.Build.0 = Debug|Any CPU
		{2D33EE18-AFDB-4963-BDCE-5DF6C644C011}.Release|Any CPU.ActiveCfg = Release|Any CPU
		{2D33EE18-AFDB-4963-BDCE-5DF6C644C011}.Release|Any CPU.Build.0 = Release|Any CPU
		{A01988BE-BBC7-4F55-9733-6784617FA5A7}.Debug|Any CPU.ActiveCfg = Debug|Any CPU
		{A01988BE-BBC7-4F55-9733-6784617FA5A7}.Debug|Any CPU.Build.0 = Debug|Any CPU
		{A01988BE-BBC7-4F55-9733-6784617FA5A7}.Release|Any CPU.ActiveCfg = Release|Any CPU
		{A01988BE-BBC7-4F55-9733-6784617FA5A7}.Release|Any CPU.Build.0 = Release|Any CPU
		{341865EC-0D78-428A-B824-420FF66F6CA6}.Debug|Any CPU.ActiveCfg = Debug|Any CPU
		{341865EC-0D78-428A-B824-420FF66F6CA6}.Debug|Any CPU.Build.0 = Debug|Any CPU
		{341865EC-0D78-428A-B824-420FF66F6CA6}.Release|Any CPU.ActiveCfg = Release|Any CPU
		{341865EC-0D78-428A-B824-420FF66F6CA6}.Release|Any CPU.Build.0 = Release|Any CPU
		{B86050AD-F78B-44AE-9495-64DC8CD14750}.Debug|Any CPU.ActiveCfg = Debug|Any CPU
		{B86050AD-F78B-44AE-9495-64DC8CD14750}.Debug|Any CPU.Build.0 = Debug|Any CPU
		{B86050AD-F78B-44AE-9495-64DC8CD14750}.Release|Any CPU.ActiveCfg = Release|Any CPU
		{B86050AD-F78B-44AE-9495-64DC8CD14750}.Release|Any CPU.Build.0 = Release|Any CPU
		{CBB5305F-885F-453B-9762-EFC7C07E6EA4}.Debug|Any CPU.ActiveCfg = Debug|Any CPU
		{CBB5305F-885F-453B-9762-EFC7C07E6EA4}.Debug|Any CPU.Build.0 = Debug|Any CPU
		{CBB5305F-885F-453B-9762-EFC7C07E6EA4}.Release|Any CPU.ActiveCfg = Release|Any CPU
		{CBB5305F-885F-453B-9762-EFC7C07E6EA4}.Release|Any CPU.Build.0 = Release|Any CPU
	EndGlobalSection
	GlobalSection(SolutionProperties) = preSolution
		HideSolutionNode = FALSE
	EndGlobalSection
	GlobalSection(NestedProjects) = preSolution
		{874C41DE-A6F3-4E2B-840C-4A404AE5305E} = {B12AF089-A0AC-413F-A99D-33B2571405DF}
		{2D33EE18-AFDB-4963-BDCE-5DF6C644C011} = {B12AF089-A0AC-413F-A99D-33B2571405DF}
		{A01988BE-BBC7-4F55-9733-6784617FA5A7} = {B12AF089-A0AC-413F-A99D-33B2571405DF}
		{341865EC-0D78-428A-B824-420FF66F6CA6} = {B12AF089-A0AC-413F-A99D-33B2571405DF}
		{B86050AD-F78B-44AE-9495-64DC8CD14750} = {B12AF089-A0AC-413F-A99D-33B2571405DF}
		{CBB5305F-885F-453B-9762-EFC7C07E6EA4} = {B12AF089-A0AC-413F-A99D-33B2571405DF}
	EndGlobalSection
EndGlobal
